
Microsoft Visual Studio Solution File, Format Version 12.00
# Visual Studio Version 17
VisualStudioVersion = 17.13.35931.197 d17.13
MinimumVisualStudioVersion = 10.0.40219.1
Project("{FAE04EC0-301F-11D3-BF4B-00C04F79EFBC}") = "15 4 вариант", "15 4 вариант.csproj", "{310712AD-A3CC-44B2-8A22-353CC8A93105}"
EndProject
Global
	GlobalSection(SolutionConfigurationPlatforms) = preSolution
		Debug|Any CPU = Debug|Any CPU
		Release|Any CPU = Release|Any CPU
	EndGlobalSection
	GlobalSection(ProjectConfigurationPlatforms) = postSolution
		{310712AD-A3CC-44B2-8A22-353CC8A93105}.Debug|Any CPU.ActiveCfg = Debug|Any CPU
		{310712AD-A3CC-44B2-8A22-353CC8A93105}.Debug|Any CPU.Build.0 = Debug|Any CPU
		{310712AD-A3CC-44B2-8A22-353CC8A93105}.Release|Any CPU.ActiveCfg = Release|Any CPU
		{310712AD-A3CC-44B2-8A22-353CC8A93105}.Release|Any CPU.Build.0 = Release|Any CPU
	EndGlobalSection
	GlobalSection(SolutionProperties) = preSolution
		HideSolutionNode = FALSE
	EndGlobalSection
	GlobalSection(ExtensibilityGlobals) = postSolution
		SolutionGuid = {9748E955-DD5E-4B0D-BF9F-BB88DA006839}
	EndGlobalSection
EndGlobal
